// !$*UTF8*$!
{
	archiveVersion = 1;
	classes = {
	};
	objectVersion = 56;
	objects = {

/* Begin PBXBuildFile section */
		399AB6F2C5D82531AC6E45F8 /* Pods_TheMoviesTests.framework in Frameworks */ = {isa = PBXBuildFile; fileRef = 9782E6291F98712492F447A7 /* Pods_TheMoviesTests.framework */; };
		6442C2723C8064C7F0A2F0F1 /* Pods_TheMovies.framework in Frameworks */ = {isa = PBXBuildFile; fileRef = 054CD51210636294D5661FD0 /* Pods_TheMovies.framework */; };
		73A9CFFF2911B5E400410A4C /* Localizable.strings in Resources */ = {isa = PBXBuildFile; fileRef = 73A9CFAE2911B5DF00410A4C /* Localizable.strings */; };
		73A9D0002911B5E400410A4C /* Localizable.strings in Resources */ = {isa = PBXBuildFile; fileRef = 73A9CFAE2911B5DF00410A4C /* Localizable.strings */; };
		73A9D0012911B5E400410A4C /* Localizable.strings in Resources */ = {isa = PBXBuildFile; fileRef = 73A9CFAE2911B5DF00410A4C /* Localizable.strings */; };
		73A9D0022911B5E400410A4C /* CoreDataManager.swift in Sources */ = {isa = PBXBuildFile; fileRef = 73A9CFB02911B5E000410A4C /* CoreDataManager.swift */; };
		73A9D0032911B5E400410A4C /* CoreDataManager.swift in Sources */ = {isa = PBXBuildFile; fileRef = 73A9CFB02911B5E000410A4C /* CoreDataManager.swift */; };
		73A9D0042911B5E400410A4C /* CoreDataManager.swift in Sources */ = {isa = PBXBuildFile; fileRef = 73A9CFB02911B5E000410A4C /* CoreDataManager.swift */; };
		73A9D0112911B5E400410A4C /* Date.swift in Sources */ = {isa = PBXBuildFile; fileRef = 73A9CFB82911B5E100410A4C /* Date.swift */; };
		73A9D0122911B5E400410A4C /* Date.swift in Sources */ = {isa = PBXBuildFile; fileRef = 73A9CFB82911B5E100410A4C /* Date.swift */; };
		73A9D0132911B5E400410A4C /* Date.swift in Sources */ = {isa = PBXBuildFile; fileRef = 73A9CFB82911B5E100410A4C /* Date.swift */; };
		73A9D01D2911B5E400410A4C /* CSString.swift in Sources */ = {isa = PBXBuildFile; fileRef = 73A9CFBC2911B5E100410A4C /* CSString.swift */; };
		73A9D01E2911B5E400410A4C /* CSString.swift in Sources */ = {isa = PBXBuildFile; fileRef = 73A9CFBC2911B5E100410A4C /* CSString.swift */; };
		73A9D01F2911B5E400410A4C /* CSString.swift in Sources */ = {isa = PBXBuildFile; fileRef = 73A9CFBC2911B5E100410A4C /* CSString.swift */; };
		73A9D0202911B5E400410A4C /* Storyboard.swift in Sources */ = {isa = PBXBuildFile; fileRef = 73A9CFBD2911B5E100410A4C /* Storyboard.swift */; };
		73A9D0212911B5E400410A4C /* Storyboard.swift in Sources */ = {isa = PBXBuildFile; fileRef = 73A9CFBD2911B5E100410A4C /* Storyboard.swift */; };
		73A9D0222911B5E400410A4C /* Storyboard.swift in Sources */ = {isa = PBXBuildFile; fileRef = 73A9CFBD2911B5E100410A4C /* Storyboard.swift */; };
		73A9D0232911B5E400410A4C /* UIWindowTransitions.swift in Sources */ = {isa = PBXBuildFile; fileRef = 73A9CFBE2911B5E100410A4C /* UIWindowTransitions.swift */; };
		73A9D0242911B5E400410A4C /* UIWindowTransitions.swift in Sources */ = {isa = PBXBuildFile; fileRef = 73A9CFBE2911B5E100410A4C /* UIWindowTransitions.swift */; };
		73A9D0252911B5E400410A4C /* UIWindowTransitions.swift in Sources */ = {isa = PBXBuildFile; fileRef = 73A9CFBE2911B5E100410A4C /* UIWindowTransitions.swift */; };
		73A9D0262911B5E400410A4C /* Utils.swift in Sources */ = {isa = PBXBuildFile; fileRef = 73A9CFBF2911B5E100410A4C /* Utils.swift */; };
		73A9D0272911B5E400410A4C /* Utils.swift in Sources */ = {isa = PBXBuildFile; fileRef = 73A9CFBF2911B5E100410A4C /* Utils.swift */; };
		73A9D0282911B5E400410A4C /* Utils.swift in Sources */ = {isa = PBXBuildFile; fileRef = 73A9CFBF2911B5E100410A4C /* Utils.swift */; };
		73A9D0352911B5E400410A4C /* InitialViewController.swift in Sources */ = {isa = PBXBuildFile; fileRef = 73A9CFC52911B5E200410A4C /* InitialViewController.swift */; };
		73A9D0362911B5E400410A4C /* InitialViewController.swift in Sources */ = {isa = PBXBuildFile; fileRef = 73A9CFC52911B5E200410A4C /* InitialViewController.swift */; };
		73A9D0372911B5E400410A4C /* InitialViewController.swift in Sources */ = {isa = PBXBuildFile; fileRef = 73A9CFC52911B5E200410A4C /* InitialViewController.swift */; };
		73A9D0562911B5E400410A4C /* Constant.swift in Sources */ = {isa = PBXBuildFile; fileRef = 73A9CFD22911B5E300410A4C /* Constant.swift */; };
		73A9D0572911B5E400410A4C /* Constant.swift in Sources */ = {isa = PBXBuildFile; fileRef = 73A9CFD22911B5E300410A4C /* Constant.swift */; };
		73A9D0582911B5E400410A4C /* Constant.swift in Sources */ = {isa = PBXBuildFile; fileRef = 73A9CFD22911B5E300410A4C /* Constant.swift */; };
		73A9D0592911B5E400410A4C /* BaseViewController.swift in Sources */ = {isa = PBXBuildFile; fileRef = 73A9CFD32911B5E300410A4C /* BaseViewController.swift */; };
		73A9D05A2911B5E400410A4C /* BaseViewController.swift in Sources */ = {isa = PBXBuildFile; fileRef = 73A9CFD32911B5E300410A4C /* BaseViewController.swift */; };
		73A9D05B2911B5E400410A4C /* BaseViewController.swift in Sources */ = {isa = PBXBuildFile; fileRef = 73A9CFD32911B5E300410A4C /* BaseViewController.swift */; };
		73A9D05C2911B5E400410A4C /* Connection.swift in Sources */ = {isa = PBXBuildFile; fileRef = 73A9CFD52911B5E300410A4C /* Connection.swift */; };
		73A9D05D2911B5E400410A4C /* Connection.swift in Sources */ = {isa = PBXBuildFile; fileRef = 73A9CFD52911B5E300410A4C /* Connection.swift */; };
		73A9D05E2911B5E400410A4C /* Connection.swift in Sources */ = {isa = PBXBuildFile; fileRef = 73A9CFD52911B5E300410A4C /* Connection.swift */; };
		73A9D05F2911B5E400410A4C /* Connection+Upcoming.swift in Sources */ = {isa = PBXBuildFile; fileRef = 73A9CFD62911B5E300410A4C /* Connection+Upcoming.swift */; };
		73A9D0602911B5E400410A4C /* Connection+Upcoming.swift in Sources */ = {isa = PBXBuildFile; fileRef = 73A9CFD62911B5E300410A4C /* Connection+Upcoming.swift */; };
		73A9D0612911B5E400410A4C /* Connection+Upcoming.swift in Sources */ = {isa = PBXBuildFile; fileRef = 73A9CFD62911B5E300410A4C /* Connection+Upcoming.swift */; };
		73A9D06B2911B5E400410A4C /* CSConnectionManager.swift in Sources */ = {isa = PBXBuildFile; fileRef = 73A9CFDA2911B5E300410A4C /* CSConnectionManager.swift */; };
		73A9D06C2911B5E400410A4C /* CSConnectionManager.swift in Sources */ = {isa = PBXBuildFile; fileRef = 73A9CFDA2911B5E300410A4C /* CSConnectionManager.swift */; };
		73A9D06D2911B5E400410A4C /* CSConnectionManager.swift in Sources */ = {isa = PBXBuildFile; fileRef = 73A9CFDA2911B5E300410A4C /* CSConnectionManager.swift */; };
		73A9D06E2911B5E400410A4C /* TMProgress.swift in Sources */ = {isa = PBXBuildFile; fileRef = 73A9CFDB2911B5E300410A4C /* TMProgress.swift */; };
		73A9D06F2911B5E400410A4C /* TMProgress.swift in Sources */ = {isa = PBXBuildFile; fileRef = 73A9CFDB2911B5E300410A4C /* TMProgress.swift */; };
		73A9D0702911B5E400410A4C /* TMProgress.swift in Sources */ = {isa = PBXBuildFile; fileRef = 73A9CFDB2911B5E300410A4C /* TMProgress.swift */; };
		73A9D0782911BCB800410A4C /* GradientView.swift in Sources */ = {isa = PBXBuildFile; fileRef = 73A9D0772911BCB800410A4C /* GradientView.swift */; };
		73A9D0792911BCB800410A4C /* GradientView.swift in Sources */ = {isa = PBXBuildFile; fileRef = 73A9D0772911BCB800410A4C /* GradientView.swift */; };
		73A9D07A2911BCB800410A4C /* GradientView.swift in Sources */ = {isa = PBXBuildFile; fileRef = 73A9D0772911BCB800410A4C /* GradientView.swift */; };
		73A9D07C2911CB5000410A4C /* HomeViewController.swift in Sources */ = {isa = PBXBuildFile; fileRef = 73A9D07B2911CB5000410A4C /* HomeViewController.swift */; };
		73A9D07D2911CB5000410A4C /* HomeViewController.swift in Sources */ = {isa = PBXBuildFile; fileRef = 73A9D07B2911CB5000410A4C /* HomeViewController.swift */; };
		73A9D07E2911CB5000410A4C /* HomeViewController.swift in Sources */ = {isa = PBXBuildFile; fileRef = 73A9D07B2911CB5000410A4C /* HomeViewController.swift */; };
		73A9D0802911DBE500410A4C /* LogoView.swift in Sources */ = {isa = PBXBuildFile; fileRef = 73A9D07F2911DBE500410A4C /* LogoView.swift */; };
		73A9D0812911DBE500410A4C /* LogoView.swift in Sources */ = {isa = PBXBuildFile; fileRef = 73A9D07F2911DBE500410A4C /* LogoView.swift */; };
		73A9D0822911DBE500410A4C /* LogoView.swift in Sources */ = {isa = PBXBuildFile; fileRef = 73A9D07F2911DBE500410A4C /* LogoView.swift */; };
		73A9D0842911DF0000410A4C /* MovieHorizontalListViewCell.swift in Sources */ = {isa = PBXBuildFile; fileRef = 73A9D0832911DF0000410A4C /* MovieHorizontalListViewCell.swift */; };
		73A9D0852911DF0000410A4C /* MovieHorizontalListViewCell.swift in Sources */ = {isa = PBXBuildFile; fileRef = 73A9D0832911DF0000410A4C /* MovieHorizontalListViewCell.swift */; };
		73A9D0862911DF0000410A4C /* MovieHorizontalListViewCell.swift in Sources */ = {isa = PBXBuildFile; fileRef = 73A9D0832911DF0000410A4C /* MovieHorizontalListViewCell.swift */; };
		73A9D0882911E2F300410A4C /* MovieImageViewCell.swift in Sources */ = {isa = PBXBuildFile; fileRef = 73A9D0872911E2F300410A4C /* MovieImageViewCell.swift */; };
		73A9D0892911E2F300410A4C /* MovieImageViewCell.swift in Sources */ = {isa = PBXBuildFile; fileRef = 73A9D0872911E2F300410A4C /* MovieImageViewCell.swift */; };
		73A9D08A2911E2F300410A4C /* MovieImageViewCell.swift in Sources */ = {isa = PBXBuildFile; fileRef = 73A9D0872911E2F300410A4C /* MovieImageViewCell.swift */; };
		73A9D08F2911E67500410A4C /* TMDate.swift in Sources */ = {isa = PBXBuildFile; fileRef = 73A9D08C2911E67500410A4C /* TMDate.swift */; };
		73A9D0902911E67500410A4C /* TMDate.swift in Sources */ = {isa = PBXBuildFile; fileRef = 73A9D08C2911E67500410A4C /* TMDate.swift */; };
		73A9D0912911E67500410A4C /* TMDate.swift in Sources */ = {isa = PBXBuildFile; fileRef = 73A9D08C2911E67500410A4C /* TMDate.swift */; };
		73A9D0922911E67500410A4C /* ResponseListMovies.swift in Sources */ = {isa = PBXBuildFile; fileRef = 73A9D08D2911E67500410A4C /* ResponseListMovies.swift */; };
		73A9D0932911E67500410A4C /* ResponseListMovies.swift in Sources */ = {isa = PBXBuildFile; fileRef = 73A9D08D2911E67500410A4C /* ResponseListMovies.swift */; };
		73A9D0942911E67500410A4C /* ResponseListMovies.swift in Sources */ = {isa = PBXBuildFile; fileRef = 73A9D08D2911E67500410A4C /* ResponseListMovies.swift */; };
		73A9D0952911E67500410A4C /* TMMovie.swift in Sources */ = {isa = PBXBuildFile; fileRef = 73A9D08E2911E67500410A4C /* TMMovie.swift */; };
		73A9D0962911E67500410A4C /* TMMovie.swift in Sources */ = {isa = PBXBuildFile; fileRef = 73A9D08E2911E67500410A4C /* TMMovie.swift */; };
		73A9D0972911E67500410A4C /* TMMovie.swift in Sources */ = {isa = PBXBuildFile; fileRef = 73A9D08E2911E67500410A4C /* TMMovie.swift */; };
		73A9D0992911ECED00410A4C /* MovieViewModel.swift in Sources */ = {isa = PBXBuildFile; fileRef = 73A9D0982911ECED00410A4C /* MovieViewModel.swift */; };
		73A9D09A2911ECED00410A4C /* MovieViewModel.swift in Sources */ = {isa = PBXBuildFile; fileRef = 73A9D0982911ECED00410A4C /* MovieViewModel.swift */; };
		73A9D09B2911ECED00410A4C /* MovieViewModel.swift in Sources */ = {isa = PBXBuildFile; fileRef = 73A9D0982911ECED00410A4C /* MovieViewModel.swift */; };
		73A9D09D2911F57200410A4C /* Connection+TopRate.swift in Sources */ = {isa = PBXBuildFile; fileRef = 73A9D09C2911F57200410A4C /* Connection+TopRate.swift */; };
		73A9D09E2911F57200410A4C /* Connection+TopRate.swift in Sources */ = {isa = PBXBuildFile; fileRef = 73A9D09C2911F57200410A4C /* Connection+TopRate.swift */; };
		73A9D09F2911F57200410A4C /* Connection+TopRate.swift in Sources */ = {isa = PBXBuildFile; fileRef = 73A9D09C2911F57200410A4C /* Connection+TopRate.swift */; };
		73A9D0A12911F57B00410A4C /* Connection+Trend.swift in Sources */ = {isa = PBXBuildFile; fileRef = 73A9D0A02911F57B00410A4C /* Connection+Trend.swift */; };
		73A9D0A22911F57B00410A4C /* Connection+Trend.swift in Sources */ = {isa = PBXBuildFile; fileRef = 73A9D0A02911F57B00410A4C /* Connection+Trend.swift */; };
		73A9D0A32911F57B00410A4C /* Connection+Trend.swift in Sources */ = {isa = PBXBuildFile; fileRef = 73A9D0A02911F57B00410A4C /* Connection+Trend.swift */; };
		73AAC4392911A87D0035B954 /* AppDelegate.swift in Sources */ = {isa = PBXBuildFile; fileRef = 73AAC4382911A87D0035B954 /* AppDelegate.swift */; };
		73AAC43B2911A87D0035B954 /* SceneDelegate.swift in Sources */ = {isa = PBXBuildFile; fileRef = 73AAC43A2911A87D0035B954 /* SceneDelegate.swift */; };
		73AAC4402911A87D0035B954 /* Main.storyboard in Resources */ = {isa = PBXBuildFile; fileRef = 73AAC43E2911A87D0035B954 /* Main.storyboard */; };
		73AAC4432911A87D0035B954 /* TheMovies.xcdatamodeld in Sources */ = {isa = PBXBuildFile; fileRef = 73AAC4412911A87D0035B954 /* TheMovies.xcdatamodeld */; };
		73AAC4452911A87F0035B954 /* Assets.xcassets in Resources */ = {isa = PBXBuildFile; fileRef = 73AAC4442911A87F0035B954 /* Assets.xcassets */; };
		73AAC4482911A87F0035B954 /* LaunchScreen.storyboard in Resources */ = {isa = PBXBuildFile; fileRef = 73AAC4462911A87F0035B954 /* LaunchScreen.storyboard */; };
		73AAC4532911A87F0035B954 /* TheMoviesTests.swift in Sources */ = {isa = PBXBuildFile; fileRef = 73AAC4522911A87F0035B954 /* TheMoviesTests.swift */; };
		73AAC45D2911A87F0035B954 /* TheMoviesUITests.swift in Sources */ = {isa = PBXBuildFile; fileRef = 73AAC45C2911A87F0035B954 /* TheMoviesUITests.swift */; };
		73AAC45F2911A87F0035B954 /* TheMoviesUITestsLaunchTests.swift in Sources */ = {isa = PBXBuildFile; fileRef = 73AAC45E2911A87F0035B954 /* TheMoviesUITestsLaunchTests.swift */; };
		73E552822913450E00B5B868 /* ResponseVideos.swift in Sources */ = {isa = PBXBuildFile; fileRef = 73E552812913450E00B5B868 /* ResponseVideos.swift */; };
		73E552842913454D00B5B868 /* TMVideo.swift in Sources */ = {isa = PBXBuildFile; fileRef = 73E552832913454D00B5B868 /* TMVideo.swift */; };
		73E552862913466500B5B868 /* Connection+Videos.swift in Sources */ = {isa = PBXBuildFile; fileRef = 73E552852913466500B5B868 /* Connection+Videos.swift */; };
		73E552882913501200B5B868 /* MovieDetailViewController.swift in Sources */ = {isa = PBXBuildFile; fileRef = 73E552872913501200B5B868 /* MovieDetailViewController.swift */; };
		73E5528A2913626900B5B868 /* WebViewController.swift in Sources */ = {isa = PBXBuildFile; fileRef = 73E552892913626900B5B868 /* WebViewController.swift */; };
		73E5528C2913681F00B5B868 /* MovieVerticalListViewCell.swift in Sources */ = {isa = PBXBuildFile; fileRef = 73E5528B2913681F00B5B868 /* MovieVerticalListViewCell.swift */; };
		F1664C59D079400263891EB2 /* Pods_TheMovies_TheMoviesUITests.framework in Frameworks */ = {isa = PBXBuildFile; fileRef = F9707CE682021D798696FA73 /* Pods_TheMovies_TheMoviesUITests.framework */; };
/* End PBXBuildFile section */

/* Begin PBXContainerItemProxy section */
		73AAC44F2911A87F0035B954 /* PBXContainerItemProxy */ = {
			isa = PBXContainerItemProxy;
			containerPortal = 73AAC42D2911A87D0035B954 /* Project object */;
			proxyType = 1;
			remoteGlobalIDString = 73AAC4342911A87D0035B954;
			remoteInfo = TheMovies;
		};
		73AAC4592911A87F0035B954 /* PBXContainerItemProxy */ = {
			isa = PBXContainerItemProxy;
			containerPortal = 73AAC42D2911A87D0035B954 /* Project object */;
			proxyType = 1;
			remoteGlobalIDString = 73AAC4342911A87D0035B954;
			remoteInfo = TheMovies;
		};
/* End PBXContainerItemProxy section */

/* Begin PBXFileReference section */
		054CD51210636294D5661FD0 /* Pods_TheMovies.framework */ = {isa = PBXFileReference; explicitFileType = wrapper.framework; includeInIndex = 0; path = Pods_TheMovies.framework; sourceTree = BUILT_PRODUCTS_DIR; };
		37C136F1C406FBF04C2A571C /* Pods-TheMovies-TheMoviesUITests.release.xcconfig */ = {isa = PBXFileReference; includeInIndex = 1; lastKnownFileType = text.xcconfig; name = "Pods-TheMovies-TheMoviesUITests.release.xcconfig"; path = "Target Support Files/Pods-TheMovies-TheMoviesUITests/Pods-TheMovies-TheMoviesUITests.release.xcconfig"; sourceTree = "<group>"; };
		39D8B256D0E85B660116E15B /* Pods-TheMovies.release.xcconfig */ = {isa = PBXFileReference; includeInIndex = 1; lastKnownFileType = text.xcconfig; name = "Pods-TheMovies.release.xcconfig"; path = "Target Support Files/Pods-TheMovies/Pods-TheMovies.release.xcconfig"; sourceTree = "<group>"; };
		476700C767C526E59A2F4F99 /* Pods-TheMoviesTests.debug.xcconfig */ = {isa = PBXFileReference; includeInIndex = 1; lastKnownFileType = text.xcconfig; name = "Pods-TheMoviesTests.debug.xcconfig"; path = "Target Support Files/Pods-TheMoviesTests/Pods-TheMoviesTests.debug.xcconfig"; sourceTree = "<group>"; };
		605184A9E844859008FB5EF5 /* Pods-TheMoviesTests.release.xcconfig */ = {isa = PBXFileReference; includeInIndex = 1; lastKnownFileType = text.xcconfig; name = "Pods-TheMoviesTests.release.xcconfig"; path = "Target Support Files/Pods-TheMoviesTests/Pods-TheMoviesTests.release.xcconfig"; sourceTree = "<group>"; };
		73A9CFAE2911B5DF00410A4C /* Localizable.strings */ = {isa = PBXFileReference; fileEncoding = 4; lastKnownFileType = text.plist.strings; path = Localizable.strings; sourceTree = "<group>"; };
		73A9CFB02911B5E000410A4C /* CoreDataManager.swift */ = {isa = PBXFileReference; fileEncoding = 4; lastKnownFileType = sourcecode.swift; path = CoreDataManager.swift; sourceTree = "<group>"; };
		73A9CFB82911B5E100410A4C /* Date.swift */ = {isa = PBXFileReference; fileEncoding = 4; lastKnownFileType = sourcecode.swift; path = Date.swift; sourceTree = "<group>"; };
		73A9CFBC2911B5E100410A4C /* CSString.swift */ = {isa = PBXFileReference; fileEncoding = 4; lastKnownFileType = sourcecode.swift; path = CSString.swift; sourceTree = "<group>"; };
		73A9CFBD2911B5E100410A4C /* Storyboard.swift */ = {isa = PBXFileReference; fileEncoding = 4; lastKnownFileType = sourcecode.swift; path = Storyboard.swift; sourceTree = "<group>"; };
		73A9CFBE2911B5E100410A4C /* UIWindowTransitions.swift */ = {isa = PBXFileReference; fileEncoding = 4; lastKnownFileType = sourcecode.swift; path = UIWindowTransitions.swift; sourceTree = "<group>"; };
		73A9CFBF2911B5E100410A4C /* Utils.swift */ = {isa = PBXFileReference; fileEncoding = 4; lastKnownFileType = sourcecode.swift; path = Utils.swift; sourceTree = "<group>"; };
		73A9CFC52911B5E200410A4C /* InitialViewController.swift */ = {isa = PBXFileReference; fileEncoding = 4; lastKnownFileType = sourcecode.swift; path = InitialViewController.swift; sourceTree = "<group>"; };
		73A9CFD22911B5E300410A4C /* Constant.swift */ = {isa = PBXFileReference; fileEncoding = 4; lastKnownFileType = sourcecode.swift; path = Constant.swift; sourceTree = "<group>"; };
		73A9CFD32911B5E300410A4C /* BaseViewController.swift */ = {isa = PBXFileReference; fileEncoding = 4; lastKnownFileType = sourcecode.swift; path = BaseViewController.swift; sourceTree = "<group>"; };
		73A9CFD52911B5E300410A4C /* Connection.swift */ = {isa = PBXFileReference; fileEncoding = 4; lastKnownFileType = sourcecode.swift; path = Connection.swift; sourceTree = "<group>"; };
		73A9CFD62911B5E300410A4C /* Connection+Upcoming.swift */ = {isa = PBXFileReference; fileEncoding = 4; lastKnownFileType = sourcecode.swift; path = "Connection+Upcoming.swift"; sourceTree = "<group>"; };
		73A9CFDA2911B5E300410A4C /* CSConnectionManager.swift */ = {isa = PBXFileReference; fileEncoding = 4; lastKnownFileType = sourcecode.swift; path = CSConnectionManager.swift; sourceTree = "<group>"; };
		73A9CFDB2911B5E300410A4C /* TMProgress.swift */ = {isa = PBXFileReference; fileEncoding = 4; lastKnownFileType = sourcecode.swift; path = TMProgress.swift; sourceTree = "<group>"; };
		73A9D0772911BCB800410A4C /* GradientView.swift */ = {isa = PBXFileReference; lastKnownFileType = sourcecode.swift; path = GradientView.swift; sourceTree = "<group>"; };
		73A9D07B2911CB5000410A4C /* HomeViewController.swift */ = {isa = PBXFileReference; lastKnownFileType = sourcecode.swift; path = HomeViewController.swift; sourceTree = "<group>"; };
		73A9D07F2911DBE500410A4C /* LogoView.swift */ = {isa = PBXFileReference; lastKnownFileType = sourcecode.swift; path = LogoView.swift; sourceTree = "<group>"; };
		73A9D0832911DF0000410A4C /* MovieHorizontalListViewCell.swift */ = {isa = PBXFileReference; lastKnownFileType = sourcecode.swift; path = MovieHorizontalListViewCell.swift; sourceTree = "<group>"; };
		73A9D0872911E2F300410A4C /* MovieImageViewCell.swift */ = {isa = PBXFileReference; lastKnownFileType = sourcecode.swift; path = MovieImageViewCell.swift; sourceTree = "<group>"; };
		73A9D08C2911E67500410A4C /* TMDate.swift */ = {isa = PBXFileReference; fileEncoding = 4; lastKnownFileType = sourcecode.swift; path = TMDate.swift; sourceTree = "<group>"; };
		73A9D08D2911E67500410A4C /* ResponseListMovies.swift */ = {isa = PBXFileReference; fileEncoding = 4; lastKnownFileType = sourcecode.swift; path = ResponseListMovies.swift; sourceTree = "<group>"; };
		73A9D08E2911E67500410A4C /* TMMovie.swift */ = {isa = PBXFileReference; fileEncoding = 4; lastKnownFileType = sourcecode.swift; path = TMMovie.swift; sourceTree = "<group>"; };
		73A9D0982911ECED00410A4C /* MovieViewModel.swift */ = {isa = PBXFileReference; lastKnownFileType = sourcecode.swift; path = MovieViewModel.swift; sourceTree = "<group>"; };
		73A9D09C2911F57200410A4C /* Connection+TopRate.swift */ = {isa = PBXFileReference; lastKnownFileType = sourcecode.swift; path = "Connection+TopRate.swift"; sourceTree = "<group>"; };
		73A9D0A02911F57B00410A4C /* Connection+Trend.swift */ = {isa = PBXFileReference; lastKnownFileType = sourcecode.swift; path = "Connection+Trend.swift"; sourceTree = "<group>"; };
		73AAC4352911A87D0035B954 /* TheMovies.app */ = {isa = PBXFileReference; explicitFileType = wrapper.application; includeInIndex = 0; path = TheMovies.app; sourceTree = BUILT_PRODUCTS_DIR; };
		73AAC4382911A87D0035B954 /* AppDelegate.swift */ = {isa = PBXFileReference; lastKnownFileType = sourcecode.swift; path = AppDelegate.swift; sourceTree = "<group>"; };
		73AAC43A2911A87D0035B954 /* SceneDelegate.swift */ = {isa = PBXFileReference; lastKnownFileType = sourcecode.swift; path = SceneDelegate.swift; sourceTree = "<group>"; };
		73AAC43F2911A87D0035B954 /* Base */ = {isa = PBXFileReference; lastKnownFileType = file.storyboard; name = Base; path = Base.lproj/Main.storyboard; sourceTree = "<group>"; };
		73AAC4422911A87D0035B954 /* TheMovies.xcdatamodel */ = {isa = PBXFileReference; lastKnownFileType = wrapper.xcdatamodel; path = TheMovies.xcdatamodel; sourceTree = "<group>"; };
		73AAC4442911A87F0035B954 /* Assets.xcassets */ = {isa = PBXFileReference; lastKnownFileType = folder.assetcatalog; path = Assets.xcassets; sourceTree = "<group>"; };
		73AAC4472911A87F0035B954 /* Base */ = {isa = PBXFileReference; lastKnownFileType = file.storyboard; name = Base; path = Base.lproj/LaunchScreen.storyboard; sourceTree = "<group>"; };
		73AAC4492911A87F0035B954 /* Info.plist */ = {isa = PBXFileReference; lastKnownFileType = text.plist.xml; path = Info.plist; sourceTree = "<group>"; };
		73AAC44E2911A87F0035B954 /* TheMoviesTests.xctest */ = {isa = PBXFileReference; explicitFileType = wrapper.cfbundle; includeInIndex = 0; path = TheMoviesTests.xctest; sourceTree = BUILT_PRODUCTS_DIR; };
		73AAC4522911A87F0035B954 /* TheMoviesTests.swift */ = {isa = PBXFileReference; lastKnownFileType = sourcecode.swift; path = TheMoviesTests.swift; sourceTree = "<group>"; };
		73AAC4582911A87F0035B954 /* TheMoviesUITests.xctest */ = {isa = PBXFileReference; explicitFileType = wrapper.cfbundle; includeInIndex = 0; path = TheMoviesUITests.xctest; sourceTree = BUILT_PRODUCTS_DIR; };
		73AAC45C2911A87F0035B954 /* TheMoviesUITests.swift */ = {isa = PBXFileReference; lastKnownFileType = sourcecode.swift; path = TheMoviesUITests.swift; sourceTree = "<group>"; };
		73AAC45E2911A87F0035B954 /* TheMoviesUITestsLaunchTests.swift */ = {isa = PBXFileReference; lastKnownFileType = sourcecode.swift; path = TheMoviesUITestsLaunchTests.swift; sourceTree = "<group>"; };
		73E552812913450E00B5B868 /* ResponseVideos.swift */ = {isa = PBXFileReference; lastKnownFileType = sourcecode.swift; path = ResponseVideos.swift; sourceTree = "<group>"; };
		73E552832913454D00B5B868 /* TMVideo.swift */ = {isa = PBXFileReference; lastKnownFileType = sourcecode.swift; path = TMVideo.swift; sourceTree = "<group>"; };
		73E552852913466500B5B868 /* Connection+Videos.swift */ = {isa = PBXFileReference; lastKnownFileType = sourcecode.swift; path = "Connection+Videos.swift"; sourceTree = "<group>"; };
		73E552872913501200B5B868 /* MovieDetailViewController.swift */ = {isa = PBXFileReference; lastKnownFileType = sourcecode.swift; path = MovieDetailViewController.swift; sourceTree = "<group>"; };
		73E552892913626900B5B868 /* WebViewController.swift */ = {isa = PBXFileReference; lastKnownFileType = sourcecode.swift; path = WebViewController.swift; sourceTree = "<group>"; };
		73E5528B2913681F00B5B868 /* MovieVerticalListViewCell.swift */ = {isa = PBXFileReference; lastKnownFileType = sourcecode.swift; path = MovieVerticalListViewCell.swift; sourceTree = "<group>"; };
		93C1EC5D494B8EF5839E38CC /* Pods-TheMovies.debug.xcconfig */ = {isa = PBXFileReference; includeInIndex = 1; lastKnownFileType = text.xcconfig; name = "Pods-TheMovies.debug.xcconfig"; path = "Target Support Files/Pods-TheMovies/Pods-TheMovies.debug.xcconfig"; sourceTree = "<group>"; };
		9782E6291F98712492F447A7 /* Pods_TheMoviesTests.framework */ = {isa = PBXFileReference; explicitFileType = wrapper.framework; includeInIndex = 0; path = Pods_TheMoviesTests.framework; sourceTree = BUILT_PRODUCTS_DIR; };
		F56EAC96EBB5C6D6899D8D76 /* Pods-TheMovies-TheMoviesUITests.debug.xcconfig */ = {isa = PBXFileReference; includeInIndex = 1; lastKnownFileType = text.xcconfig; name = "Pods-TheMovies-TheMoviesUITests.debug.xcconfig"; path = "Target Support Files/Pods-TheMovies-TheMoviesUITests/Pods-TheMovies-TheMoviesUITests.debug.xcconfig"; sourceTree = "<group>"; };
		F9707CE682021D798696FA73 /* Pods_TheMovies_TheMoviesUITests.framework */ = {isa = PBXFileReference; explicitFileType = wrapper.framework; includeInIndex = 0; path = Pods_TheMovies_TheMoviesUITests.framework; sourceTree = BUILT_PRODUCTS_DIR; };
/* End PBXFileReference section */

/* Begin PBXFrameworksBuildPhase section */
		73AAC4322911A87D0035B954 /* Frameworks */ = {
			isa = PBXFrameworksBuildPhase;
			buildActionMask = 2147483647;
			files = (
				6442C2723C8064C7F0A2F0F1 /* Pods_TheMovies.framework in Frameworks */,
			);
			runOnlyForDeploymentPostprocessing = 0;
		};
		73AAC44B2911A87F0035B954 /* Frameworks */ = {
			isa = PBXFrameworksBuildPhase;
			buildActionMask = 2147483647;
			files = (
				399AB6F2C5D82531AC6E45F8 /* Pods_TheMoviesTests.framework in Frameworks */,
			);
			runOnlyForDeploymentPostprocessing = 0;
		};
		73AAC4552911A87F0035B954 /* Frameworks */ = {
			isa = PBXFrameworksBuildPhase;
			buildActionMask = 2147483647;
			files = (
				F1664C59D079400263891EB2 /* Pods_TheMovies_TheMoviesUITests.framework in Frameworks */,
			);
			runOnlyForDeploymentPostprocessing = 0;
		};
/* End PBXFrameworksBuildPhase section */

/* Begin PBXGroup section */
		73A9CFA22911B5DE00410A4C /* Models */ = {
			isa = PBXGroup;
			children = (
				73A9D08B2911E67500410A4C /* Mappable */,
				73A9D0982911ECED00410A4C /* MovieViewModel.swift */,
			);
			path = Models;
			sourceTree = "<group>";
		};
		73A9CFAF2911B5E000410A4C /* CoreData */ = {
			isa = PBXGroup;
			children = (
				73A9CFB02911B5E000410A4C /* CoreDataManager.swift */,
			);
			path = CoreData;
			sourceTree = "<group>";
		};
		73A9CFB72911B5E100410A4C /* Utils */ = {
			isa = PBXGroup;
			children = (
				73A9CFB82911B5E100410A4C /* Date.swift */,
				73A9CFBC2911B5E100410A4C /* CSString.swift */,
				73A9CFBD2911B5E100410A4C /* Storyboard.swift */,
				73A9CFBE2911B5E100410A4C /* UIWindowTransitions.swift */,
				73A9CFBF2911B5E100410A4C /* Utils.swift */,
			);
			path = Utils;
			sourceTree = "<group>";
		};
		73A9CFC12911B5E200410A4C /* ViewControllers */ = {
			isa = PBXGroup;
			children = (
				73A9CFC52911B5E200410A4C /* InitialViewController.swift */,
				73A9D07B2911CB5000410A4C /* HomeViewController.swift */,
				73E552872913501200B5B868 /* MovieDetailViewController.swift */,
				73E552892913626900B5B868 /* WebViewController.swift */,
			);
			path = ViewControllers;
			sourceTree = "<group>";
		};
		73A9CFCC2911B5E200410A4C /* View */ = {
			isa = PBXGroup;
			children = (
				73A9D0772911BCB800410A4C /* GradientView.swift */,
				73A9D07F2911DBE500410A4C /* LogoView.swift */,
				73A9D0832911DF0000410A4C /* MovieHorizontalListViewCell.swift */,
				73E5528B2913681F00B5B868 /* MovieVerticalListViewCell.swift */,
				73A9D0872911E2F300410A4C /* MovieImageViewCell.swift */,
			);
			path = View;
			sourceTree = "<group>";
		};
		73A9CFD12911B5E300410A4C /* Class */ = {
			isa = PBXGroup;
			children = (
				73A9CFD22911B5E300410A4C /* Constant.swift */,
				73A9CFD32911B5E300410A4C /* BaseViewController.swift */,
				73A9CFD42911B5E300410A4C /* Connection */,
				73A9CFDB2911B5E300410A4C /* TMProgress.swift */,
			);
			path = Class;
			sourceTree = "<group>";
		};
		73A9CFD42911B5E300410A4C /* Connection */ = {
			isa = PBXGroup;
			children = (
				73A9CFD52911B5E300410A4C /* Connection.swift */,
				73A9CFD62911B5E300410A4C /* Connection+Upcoming.swift */,
				73A9D09C2911F57200410A4C /* Connection+TopRate.swift */,
				73A9D0A02911F57B00410A4C /* Connection+Trend.swift */,
				73E552852913466500B5B868 /* Connection+Videos.swift */,
				73A9CFDA2911B5E300410A4C /* CSConnectionManager.swift */,
			);
			path = Connection;
			sourceTree = "<group>";
		};
		73A9D08B2911E67500410A4C /* Mappable */ = {
			isa = PBXGroup;
			children = (
				73A9D08D2911E67500410A4C /* ResponseListMovies.swift */,
				73E552812913450E00B5B868 /* ResponseVideos.swift */,
				73A9D08C2911E67500410A4C /* TMDate.swift */,
				73A9D08E2911E67500410A4C /* TMMovie.swift */,
				73E552832913454D00B5B868 /* TMVideo.swift */,
			);
			path = Mappable;
			sourceTree = "<group>";
		};
		73AAC42C2911A87D0035B954 = {
			isa = PBXGroup;
			children = (
				73AAC4372911A87D0035B954 /* TheMovies */,
				73AAC4512911A87F0035B954 /* TheMoviesTests */,
				73AAC45B2911A87F0035B954 /* TheMoviesUITests */,
				73AAC4362911A87D0035B954 /* Products */,
				D19A9EE4DAE126A30F2DBF4C /* Pods */,
				DE24BE59705DDFC4CC91310F /* Frameworks */,
			);
			sourceTree = "<group>";
		};
		73AAC4362911A87D0035B954 /* Products */ = {
			isa = PBXGroup;
			children = (
				73AAC4352911A87D0035B954 /* TheMovies.app */,
				73AAC44E2911A87F0035B954 /* TheMoviesTests.xctest */,
				73AAC4582911A87F0035B954 /* TheMoviesUITests.xctest */,
			);
			name = Products;
			sourceTree = "<group>";
		};
		73AAC4372911A87D0035B954 /* TheMovies */ = {
			isa = PBXGroup;
			children = (
				73AAC4382911A87D0035B954 /* AppDelegate.swift */,
				73AAC43A2911A87D0035B954 /* SceneDelegate.swift */,
				73A9CFD12911B5E300410A4C /* Class */,
				73A9CFAF2911B5E000410A4C /* CoreData */,
				73A9CFA22911B5DE00410A4C /* Models */,
				73A9CFB72911B5E100410A4C /* Utils */,
				73A9CFCC2911B5E200410A4C /* View */,
				73A9CFC12911B5E200410A4C /* ViewControllers */,
				73AAC43E2911A87D0035B954 /* Main.storyboard */,
				73AAC4442911A87F0035B954 /* Assets.xcassets */,
				73AAC4462911A87F0035B954 /* LaunchScreen.storyboard */,
				73AAC4492911A87F0035B954 /* Info.plist */,
				73A9CFAE2911B5DF00410A4C /* Localizable.strings */,
				73AAC4412911A87D0035B954 /* TheMovies.xcdatamodeld */,
			);
			path = TheMovies;
			sourceTree = "<group>";
		};
		73AAC4512911A87F0035B954 /* TheMoviesTests */ = {
			isa = PBXGroup;
			children = (
				73AAC4522911A87F0035B954 /* TheMoviesTests.swift */,
			);
			path = TheMoviesTests;
			sourceTree = "<group>";
		};
		73AAC45B2911A87F0035B954 /* TheMoviesUITests */ = {
			isa = PBXGroup;
			children = (
				73AAC45C2911A87F0035B954 /* TheMoviesUITests.swift */,
				73AAC45E2911A87F0035B954 /* TheMoviesUITestsLaunchTests.swift */,
			);
			path = TheMoviesUITests;
			sourceTree = "<group>";
		};
		D19A9EE4DAE126A30F2DBF4C /* Pods */ = {
			isa = PBXGroup;
			children = (
				93C1EC5D494B8EF5839E38CC /* Pods-TheMovies.debug.xcconfig */,
				39D8B256D0E85B660116E15B /* Pods-TheMovies.release.xcconfig */,
				F56EAC96EBB5C6D6899D8D76 /* Pods-TheMovies-TheMoviesUITests.debug.xcconfig */,
				37C136F1C406FBF04C2A571C /* Pods-TheMovies-TheMoviesUITests.release.xcconfig */,
				476700C767C526E59A2F4F99 /* Pods-TheMoviesTests.debug.xcconfig */,
				605184A9E844859008FB5EF5 /* Pods-TheMoviesTests.release.xcconfig */,
			);
			path = Pods;
			sourceTree = "<group>";
		};
		DE24BE59705DDFC4CC91310F /* Frameworks */ = {
			isa = PBXGroup;
			children = (
				054CD51210636294D5661FD0 /* Pods_TheMovies.framework */,
				F9707CE682021D798696FA73 /* Pods_TheMovies_TheMoviesUITests.framework */,
				9782E6291F98712492F447A7 /* Pods_TheMoviesTests.framework */,
			);
			name = Frameworks;
			sourceTree = "<group>";
		};
/* End PBXGroup section */

/* Begin PBXNativeTarget section */
		73AAC4342911A87D0035B954 /* TheMovies */ = {
			isa = PBXNativeTarget;
			buildConfigurationList = 73AAC4622911A87F0035B954 /* Build configuration list for PBXNativeTarget "TheMovies" */;
			buildPhases = (
				D951BE9BF0D5489DBE5AE167 /* [CP] Check Pods Manifest.lock */,
				73AAC4312911A87D0035B954 /* Sources */,
				73AAC4322911A87D0035B954 /* Frameworks */,
				73AAC4332911A87D0035B954 /* Resources */,
				6840689855CB0DB75FBA673F /* [CP] Embed Pods Frameworks */,
			);
			buildRules = (
			);
			dependencies = (
			);
			name = TheMovies;
			productName = TheMovies;
			productReference = 73AAC4352911A87D0035B954 /* TheMovies.app */;
			productType = "com.apple.product-type.application";
		};
		73AAC44D2911A87F0035B954 /* TheMoviesTests */ = {
			isa = PBXNativeTarget;
			buildConfigurationList = 73AAC4652911A87F0035B954 /* Build configuration list for PBXNativeTarget "TheMoviesTests" */;
			buildPhases = (
				8CB96D3BC4BC974EDADD9D55 /* [CP] Check Pods Manifest.lock */,
				73AAC44A2911A87F0035B954 /* Sources */,
				73AAC44B2911A87F0035B954 /* Frameworks */,
				73AAC44C2911A87F0035B954 /* Resources */,
			);
			buildRules = (
			);
			dependencies = (
				73AAC4502911A87F0035B954 /* PBXTargetDependency */,
			);
			name = TheMoviesTests;
			productName = TheMoviesTests;
			productReference = 73AAC44E2911A87F0035B954 /* TheMoviesTests.xctest */;
			productType = "com.apple.product-type.bundle.unit-test";
		};
		73AAC4572911A87F0035B954 /* TheMoviesUITests */ = {
			isa = PBXNativeTarget;
			buildConfigurationList = 73AAC4682911A87F0035B954 /* Build configuration list for PBXNativeTarget "TheMoviesUITests" */;
			buildPhases = (
				D454564A10474DA65F69A9F5 /* [CP] Check Pods Manifest.lock */,
				73AAC4542911A87F0035B954 /* Sources */,
				73AAC4552911A87F0035B954 /* Frameworks */,
				73AAC4562911A87F0035B954 /* Resources */,
				A208FFEB7630637734525D8A /* [CP] Embed Pods Frameworks */,
			);
			buildRules = (
			);
			dependencies = (
				73AAC45A2911A87F0035B954 /* PBXTargetDependency */,
			);
			name = TheMoviesUITests;
			productName = TheMoviesUITests;
			productReference = 73AAC4582911A87F0035B954 /* TheMoviesUITests.xctest */;
			productType = "com.apple.product-type.bundle.ui-testing";
		};
/* End PBXNativeTarget section */

/* Begin PBXProject section */
		73AAC42D2911A87D0035B954 /* Project object */ = {
			isa = PBXProject;
			attributes = {
				BuildIndependentTargetsInParallel = 1;
				LastSwiftUpdateCheck = 1400;
				LastUpgradeCheck = 1400;
				TargetAttributes = {
					73AAC4342911A87D0035B954 = {
						CreatedOnToolsVersion = 14.0.1;
					};
					73AAC44D2911A87F0035B954 = {
						CreatedOnToolsVersion = 14.0.1;
						TestTargetID = 73AAC4342911A87D0035B954;
					};
					73AAC4572911A87F0035B954 = {
						CreatedOnToolsVersion = 14.0.1;
						TestTargetID = 73AAC4342911A87D0035B954;
					};
				};
			};
			buildConfigurationList = 73AAC4302911A87D0035B954 /* Build configuration list for PBXProject "TheMovies" */;
			compatibilityVersion = "Xcode 14.0";
			developmentRegion = en;
			hasScannedForEncodings = 0;
			knownRegions = (
				en,
				Base,
			);
			mainGroup = 73AAC42C2911A87D0035B954;
			productRefGroup = 73AAC4362911A87D0035B954 /* Products */;
			projectDirPath = "";
			projectRoot = "";
			targets = (
				73AAC4342911A87D0035B954 /* TheMovies */,
				73AAC44D2911A87F0035B954 /* TheMoviesTests */,
				73AAC4572911A87F0035B954 /* TheMoviesUITests */,
			);
		};
/* End PBXProject section */

/* Begin PBXResourcesBuildPhase section */
		73AAC4332911A87D0035B954 /* Resources */ = {
			isa = PBXResourcesBuildPhase;
			buildActionMask = 2147483647;
			files = (
				73AAC4482911A87F0035B954 /* LaunchScreen.storyboard in Resources */,
				73A9CFFF2911B5E400410A4C /* Localizable.strings in Resources */,
				73AAC4452911A87F0035B954 /* Assets.xcassets in Resources */,
				73AAC4402911A87D0035B954 /* Main.storyboard in Resources */,
			);
			runOnlyForDeploymentPostprocessing = 0;
		};
		73AAC44C2911A87F0035B954 /* Resources */ = {
			isa = PBXResourcesBuildPhase;
			buildActionMask = 2147483647;
			files = (
				73A9D0002911B5E400410A4C /* Localizable.strings in Resources */,
			);
			runOnlyForDeploymentPostprocessing = 0;
		};
		73AAC4562911A87F0035B954 /* Resources */ = {
			isa = PBXResourcesBuildPhase;
			buildActionMask = 2147483647;
			files = (
				73A9D0012911B5E400410A4C /* Localizable.strings in Resources */,
			);
			runOnlyForDeploymentPostprocessing = 0;
		};
/* End PBXResourcesBuildPhase section */

/* Begin PBXShellScriptBuildPhase section */
		6840689855CB0DB75FBA673F /* [CP] Embed Pods Frameworks */ = {
			isa = PBXShellScriptBuildPhase;
			buildActionMask = 2147483647;
			files = (
			);
			inputFileListPaths = (
				"${PODS_ROOT}/Target Support Files/Pods-TheMovies/Pods-TheMovies-frameworks-${CONFIGURATION}-input-files.xcfilelist",
			);
			name = "[CP] Embed Pods Frameworks";
			outputFileListPaths = (
				"${PODS_ROOT}/Target Support Files/Pods-TheMovies/Pods-TheMovies-frameworks-${CONFIGURATION}-output-files.xcfilelist",
			);
			runOnlyForDeploymentPostprocessing = 0;
			shellPath = /bin/sh;
			shellScript = "\"${PODS_ROOT}/Target Support Files/Pods-TheMovies/Pods-TheMovies-frameworks.sh\"\n";
			showEnvVarsInLog = 0;
		};
		8CB96D3BC4BC974EDADD9D55 /* [CP] Check Pods Manifest.lock */ = {
			isa = PBXShellScriptBuildPhase;
			buildActionMask = 2147483647;
			files = (
			);
			inputFileListPaths = (
			);
			inputPaths = (
				"${PODS_PODFILE_DIR_PATH}/Podfile.lock",
				"${PODS_ROOT}/Manifest.lock",
			);
			name = "[CP] Check Pods Manifest.lock";
			outputFileListPaths = (
			);
			outputPaths = (
				"$(DERIVED_FILE_DIR)/Pods-TheMoviesTests-checkManifestLockResult.txt",
			);
			runOnlyForDeploymentPostprocessing = 0;
			shellPath = /bin/sh;
			shellScript = "diff \"${PODS_PODFILE_DIR_PATH}/Podfile.lock\" \"${PODS_ROOT}/Manifest.lock\" > /dev/null\nif [ $? != 0 ] ; then\n    # print error to STDERR\n    echo \"error: The sandbox is not in sync with the Podfile.lock. Run 'pod install' or update your CocoaPods installation.\" >&2\n    exit 1\nfi\n# This output is used by Xcode 'outputs' to avoid re-running this script phase.\necho \"SUCCESS\" > \"${SCRIPT_OUTPUT_FILE_0}\"\n";
			showEnvVarsInLog = 0;
		};
		A208FFEB7630637734525D8A /* [CP] Embed Pods Frameworks */ = {
			isa = PBXShellScriptBuildPhase;
			buildActionMask = 2147483647;
			files = (
			);
			inputFileListPaths = (
				"${PODS_ROOT}/Target Support Files/Pods-TheMovies-TheMoviesUITests/Pods-TheMovies-TheMoviesUITests-frameworks-${CONFIGURATION}-input-files.xcfilelist",
			);
			name = "[CP] Embed Pods Frameworks";
			outputFileListPaths = (
				"${PODS_ROOT}/Target Support Files/Pods-TheMovies-TheMoviesUITests/Pods-TheMovies-TheMoviesUITests-frameworks-${CONFIGURATION}-output-files.xcfilelist",
			);
			runOnlyForDeploymentPostprocessing = 0;
			shellPath = /bin/sh;
			shellScript = "\"${PODS_ROOT}/Target Support Files/Pods-TheMovies-TheMoviesUITests/Pods-TheMovies-TheMoviesUITests-frameworks.sh\"\n";
			showEnvVarsInLog = 0;
		};
		D454564A10474DA65F69A9F5 /* [CP] Check Pods Manifest.lock */ = {
			isa = PBXShellScriptBuildPhase;
			buildActionMask = 2147483647;
			files = (
			);
			inputFileListPaths = (
			);
			inputPaths = (
				"${PODS_PODFILE_DIR_PATH}/Podfile.lock",
				"${PODS_ROOT}/Manifest.lock",
			);
			name = "[CP] Check Pods Manifest.lock";
			outputFileListPaths = (
			);
			outputPaths = (
				"$(DERIVED_FILE_DIR)/Pods-TheMovies-TheMoviesUITests-checkManifestLockResult.txt",
			);
			runOnlyForDeploymentPostprocessing = 0;
			shellPath = /bin/sh;
			shellScript = "diff \"${PODS_PODFILE_DIR_PATH}/Podfile.lock\" \"${PODS_ROOT}/Manifest.lock\" > /dev/null\nif [ $? != 0 ] ; then\n    # print error to STDERR\n    echo \"error: The sandbox is not in sync with the Podfile.lock. Run 'pod install' or update your CocoaPods installation.\" >&2\n    exit 1\nfi\n# This output is used by Xcode 'outputs' to avoid re-running this script phase.\necho \"SUCCESS\" > \"${SCRIPT_OUTPUT_FILE_0}\"\n";
			showEnvVarsInLog = 0;
		};
		D951BE9BF0D5489DBE5AE167 /* [CP] Check Pods Manifest.lock */ = {
			isa = PBXShellScriptBuildPhase;
			buildActionMask = 2147483647;
			files = (
			);
			inputFileListPaths = (
			);
			inputPaths = (
				"${PODS_PODFILE_DIR_PATH}/Podfile.lock",
				"${PODS_ROOT}/Manifest.lock",
			);
			name = "[CP] Check Pods Manifest.lock";
			outputFileListPaths = (
			);
			outputPaths = (
				"$(DERIVED_FILE_DIR)/Pods-TheMovies-checkManifestLockResult.txt",
			);
			runOnlyForDeploymentPostprocessing = 0;
			shellPath = /bin/sh;
			shellScript = "diff \"${PODS_PODFILE_DIR_PATH}/Podfile.lock\" \"${PODS_ROOT}/Manifest.lock\" > /dev/null\nif [ $? != 0 ] ; then\n    # print error to STDERR\n    echo \"error: The sandbox is not in sync with the Podfile.lock. Run 'pod install' or update your CocoaPods installation.\" >&2\n    exit 1\nfi\n# This output is used by Xcode 'outputs' to avoid re-running this script phase.\necho \"SUCCESS\" > \"${SCRIPT_OUTPUT_FILE_0}\"\n";
			showEnvVarsInLog = 0;
		};
/* End PBXShellScriptBuildPhase section */

/* Begin PBXSourcesBuildPhase section */
		73AAC4312911A87D0035B954 /* Sources */ = {
			isa = PBXSourcesBuildPhase;
			buildActionMask = 2147483647;
			files = (
				73A9D08F2911E67500410A4C /* TMDate.swift in Sources */,
				73A9D0232911B5E400410A4C /* UIWindowTransitions.swift in Sources */,
				73A9D0202911B5E400410A4C /* Storyboard.swift in Sources */,
				73A9D0782911BCB800410A4C /* GradientView.swift in Sources */,
				73E552842913454D00B5B868 /* TMVideo.swift in Sources */,
				73A9D0922911E67500410A4C /* ResponseListMovies.swift in Sources */,
				73A9D01D2911B5E400410A4C /* CSString.swift in Sources */,
				73E5528C2913681F00B5B868 /* MovieVerticalListViewCell.swift in Sources */,
				73E552862913466500B5B868 /* Connection+Videos.swift in Sources */,
				73A9D0952911E67500410A4C /* TMMovie.swift in Sources */,
				73A9D0592911B5E400410A4C /* BaseViewController.swift in Sources */,
				73A9D0882911E2F300410A4C /* MovieImageViewCell.swift in Sources */,
				73A9D0802911DBE500410A4C /* LogoView.swift in Sources */,
				73A9D0842911DF0000410A4C /* MovieHorizontalListViewCell.swift in Sources */,
				73A9D0262911B5E400410A4C /* Utils.swift in Sources */,
				73A9D05C2911B5E400410A4C /* Connection.swift in Sources */,
				73E5528A2913626900B5B868 /* WebViewController.swift in Sources */,
				73AAC4392911A87D0035B954 /* AppDelegate.swift in Sources */,
				73A9D0022911B5E400410A4C /* CoreDataManager.swift in Sources */,
				73AAC4432911A87D0035B954 /* TheMovies.xcdatamodeld in Sources */,
				73E552822913450E00B5B868 /* ResponseVideos.swift in Sources */,
				73E552882913501200B5B868 /* MovieDetailViewController.swift in Sources */,
				73A9D0352911B5E400410A4C /* InitialViewController.swift in Sources */,
				73A9D0112911B5E400410A4C /* Date.swift in Sources */,
				73A9D0562911B5E400410A4C /* Constant.swift in Sources */,
				73A9D09D2911F57200410A4C /* Connection+TopRate.swift in Sources */,
				73A9D05F2911B5E400410A4C /* Connection+Upcoming.swift in Sources */,
				73A9D0A12911F57B00410A4C /* Connection+Trend.swift in Sources */,
				73A9D07C2911CB5000410A4C /* HomeViewController.swift in Sources */,
				73A9D06E2911B5E400410A4C /* TMProgress.swift in Sources */,
				73A9D0992911ECED00410A4C /* MovieViewModel.swift in Sources */,
				73A9D06B2911B5E400410A4C /* CSConnectionManager.swift in Sources */,
				73AAC43B2911A87D0035B954 /* SceneDelegate.swift in Sources */,
			);
			runOnlyForDeploymentPostprocessing = 0;
		};
		73AAC44A2911A87F0035B954 /* Sources */ = {
			isa = PBXSourcesBuildPhase;
			buildActionMask = 2147483647;
			files = (
				73A9D0602911B5E400410A4C /* Connection+Upcoming.swift in Sources */,
				73A9D0812911DBE500410A4C /* LogoView.swift in Sources */,
				73A9D0122911B5E400410A4C /* Date.swift in Sources */,
				73A9D01E2911B5E400410A4C /* CSString.swift in Sources */,
				73A9D07D2911CB5000410A4C /* HomeViewController.swift in Sources */,
				73AAC4532911A87F0035B954 /* TheMoviesTests.swift in Sources */,
				73A9D0212911B5E400410A4C /* Storyboard.swift in Sources */,
				73A9D0362911B5E400410A4C /* InitialViewController.swift in Sources */,
				73A9D0A22911F57B00410A4C /* Connection+Trend.swift in Sources */,
				73A9D0892911E2F300410A4C /* MovieImageViewCell.swift in Sources */,
				73A9D0792911BCB800410A4C /* GradientView.swift in Sources */,
				73A9D09A2911ECED00410A4C /* MovieViewModel.swift in Sources */,
				73A9D0852911DF0000410A4C /* MovieHorizontalListViewCell.swift in Sources */,
				73A9D06F2911B5E400410A4C /* TMProgress.swift in Sources */,
				73A9D09E2911F57200410A4C /* Connection+TopRate.swift in Sources */,
				73A9D0962911E67500410A4C /* TMMovie.swift in Sources */,
				73A9D05A2911B5E400410A4C /* BaseViewController.swift in Sources */,
				73A9D0932911E67500410A4C /* ResponseListMovies.swift in Sources */,
				73A9D05D2911B5E400410A4C /* Connection.swift in Sources */,
				73A9D0032911B5E400410A4C /* CoreDataManager.swift in Sources */,
				73A9D0902911E67500410A4C /* TMDate.swift in Sources */,
				73A9D0572911B5E400410A4C /* Constant.swift in Sources */,
				73A9D0272911B5E400410A4C /* Utils.swift in Sources */,
				73A9D0242911B5E400410A4C /* UIWindowTransitions.swift in Sources */,
				73A9D06C2911B5E400410A4C /* CSConnectionManager.swift in Sources */,
			);
			runOnlyForDeploymentPostprocessing = 0;
		};
		73AAC4542911A87F0035B954 /* Sources */ = {
			isa = PBXSourcesBuildPhase;
			buildActionMask = 2147483647;
			files = (
				73A9D07A2911BCB800410A4C /* GradientView.swift in Sources */,
				73A9D07E2911CB5000410A4C /* HomeViewController.swift in Sources */,
				73A9D0612911B5E400410A4C /* Connection+Upcoming.swift in Sources */,
				73A9D0702911B5E400410A4C /* TMProgress.swift in Sources */,
				73A9D05B2911B5E400410A4C /* BaseViewController.swift in Sources */,
				73A9D0132911B5E400410A4C /* Date.swift in Sources */,
				73A9D09F2911F57200410A4C /* Connection+TopRate.swift in Sources */,
				73A9D0972911E67500410A4C /* TMMovie.swift in Sources */,
				73A9D0222911B5E400410A4C /* Storyboard.swift in Sources */,
				73A9D0822911DBE500410A4C /* LogoView.swift in Sources */,
				73AAC45D2911A87F0035B954 /* TheMoviesUITests.swift in Sources */,
				73A9D06D2911B5E400410A4C /* CSConnectionManager.swift in Sources */,
				73A9D0372911B5E400410A4C /* InitialViewController.swift in Sources */,
				73A9D0942911E67500410A4C /* ResponseListMovies.swift in Sources */,
				73A9D05E2911B5E400410A4C /* Connection.swift in Sources */,
				73A9D0252911B5E400410A4C /* UIWindowTransitions.swift in Sources */,
				73A9D0042911B5E400410A4C /* CoreDataManager.swift in Sources */,
				73AAC45F2911A87F0035B954 /* TheMoviesUITestsLaunchTests.swift in Sources */,
				73A9D0582911B5E400410A4C /* Constant.swift in Sources */,
				73A9D0862911DF0000410A4C /* MovieHorizontalListViewCell.swift in Sources */,
				73A9D01F2911B5E400410A4C /* CSString.swift in Sources */,
				73A9D09B2911ECED00410A4C /* MovieViewModel.swift in Sources */,
				73A9D0912911E67500410A4C /* TMDate.swift in Sources */,
				73A9D0282911B5E400410A4C /* Utils.swift in Sources */,
				73A9D08A2911E2F300410A4C /* MovieImageViewCell.swift in Sources */,
				73A9D0A32911F57B00410A4C /* Connection+Trend.swift in Sources */,
			);
			runOnlyForDeploymentPostprocessing = 0;
		};
/* End PBXSourcesBuildPhase section */

/* Begin PBXTargetDependency section */
		73AAC4502911A87F0035B954 /* PBXTargetDependency */ = {
			isa = PBXTargetDependency;
			target = 73AAC4342911A87D0035B954 /* TheMovies */;
			targetProxy = 73AAC44F2911A87F0035B954 /* PBXContainerItemProxy */;
		};
		73AAC45A2911A87F0035B954 /* PBXTargetDependency */ = {
			isa = PBXTargetDependency;
			target = 73AAC4342911A87D0035B954 /* TheMovies */;
			targetProxy = 73AAC4592911A87F0035B954 /* PBXContainerItemProxy */;
		};
/* End PBXTargetDependency section */

/* Begin PBXVariantGroup section */
		73AAC43E2911A87D0035B954 /* Main.storyboard */ = {
			isa = PBXVariantGroup;
			children = (
				73AAC43F2911A87D0035B954 /* Base */,
			);
			name = Main.storyboard;
			sourceTree = "<group>";
		};
		73AAC4462911A87F0035B954 /* LaunchScreen.storyboard */ = {
			isa = PBXVariantGroup;
			children = (
				73AAC4472911A87F0035B954 /* Base */,
			);
			name = LaunchScreen.storyboard;
			sourceTree = "<group>";
		};
/* End PBXVariantGroup section */

/* Begin XCBuildConfiguration section */
		73AAC4602911A87F0035B954 /* Debug */ = {
			isa = XCBuildConfiguration;
			buildSettings = {
				ALWAYS_SEARCH_USER_PATHS = NO;
				CLANG_ANALYZER_NONNULL = YES;
				CLANG_ANALYZER_NUMBER_OBJECT_CONVERSION = YES_AGGRESSIVE;
				CLANG_CXX_LANGUAGE_STANDARD = "gnu++20";
				CLANG_ENABLE_MODULES = YES;
				CLANG_ENABLE_OBJC_ARC = YES;
				CLANG_ENABLE_OBJC_WEAK = YES;
				CLANG_WARN_BLOCK_CAPTURE_AUTORELEASING = YES;
				CLANG_WARN_BOOL_CONVERSION = YES;
				CLANG_WARN_COMMA = YES;
				CLANG_WARN_CONSTANT_CONVERSION = YES;
				CLANG_WARN_DEPRECATED_OBJC_IMPLEMENTATIONS = YES;
				CLANG_WARN_DIRECT_OBJC_ISA_USAGE = YES_ERROR;
				CLANG_WARN_DOCUMENTATION_COMMENTS = YES;
				CLANG_WARN_EMPTY_BODY = YES;
				CLANG_WARN_ENUM_CONVERSION = YES;
				CLANG_WARN_INFINITE_RECURSION = YES;
				CLANG_WARN_INT_CONVERSION = YES;
				CLANG_WARN_NON_LITERAL_NULL_CONVERSION = YES;
				CLANG_WARN_OBJC_IMPLICIT_RETAIN_SELF = YES;
				CLANG_WARN_OBJC_LITERAL_CONVERSION = YES;
				CLANG_WARN_OBJC_ROOT_CLASS = YES_ERROR;
				CLANG_WARN_QUOTED_INCLUDE_IN_FRAMEWORK_HEADER = YES;
				CLANG_WARN_RANGE_LOOP_ANALYSIS = YES;
				CLANG_WARN_STRICT_PROTOTYPES = YES;
				CLANG_WARN_SUSPICIOUS_MOVE = YES;
				CLANG_WARN_UNGUARDED_AVAILABILITY = YES_AGGRESSIVE;
				CLANG_WARN_UNREACHABLE_CODE = YES;
				CLANG_WARN__DUPLICATE_METHOD_MATCH = YES;
				COPY_PHASE_STRIP = NO;
				DEBUG_INFORMATION_FORMAT = dwarf;
				ENABLE_STRICT_OBJC_MSGSEND = YES;
				ENABLE_TESTABILITY = YES;
				GCC_C_LANGUAGE_STANDARD = gnu11;
				GCC_DYNAMIC_NO_PIC = NO;
				GCC_NO_COMMON_BLOCKS = YES;
				GCC_OPTIMIZATION_LEVEL = 0;
				GCC_PREPROCESSOR_DEFINITIONS = (
					"DEBUG=1",
					"$(inherited)",
				);
				GCC_WARN_64_TO_32_BIT_CONVERSION = YES;
				GCC_WARN_ABOUT_RETURN_TYPE = YES_ERROR;
				GCC_WARN_UNDECLARED_SELECTOR = YES;
				GCC_WARN_UNINITIALIZED_AUTOS = YES_AGGRESSIVE;
				GCC_WARN_UNUSED_FUNCTION = YES;
				GCC_WARN_UNUSED_VARIABLE = YES;
				IPHONEOS_DEPLOYMENT_TARGET = 16.0;
				MTL_ENABLE_DEBUG_INFO = INCLUDE_SOURCE;
				MTL_FAST_MATH = YES;
				ONLY_ACTIVE_ARCH = YES;
				SDKROOT = iphoneos;
				SWIFT_ACTIVE_COMPILATION_CONDITIONS = DEBUG;
				SWIFT_OPTIMIZATION_LEVEL = "-Onone";
			};
			name = Debug;
		};
		73AAC4612911A87F0035B954 /* Release */ = {
			isa = XCBuildConfiguration;
			buildSettings = {
				ALWAYS_SEARCH_USER_PATHS = NO;
				CLANG_ANALYZER_NONNULL = YES;
				CLANG_ANALYZER_NUMBER_OBJECT_CONVERSION = YES_AGGRESSIVE;
				CLANG_CXX_LANGUAGE_STANDARD = "gnu++20";
				CLANG_ENABLE_MODULES = YES;
				CLANG_ENABLE_OBJC_ARC = YES;
				CLANG_ENABLE_OBJC_WEAK = YES;
				CLANG_WARN_BLOCK_CAPTURE_AUTORELEASING = YES;
				CLANG_WARN_BOOL_CONVERSION = YES;
				CLANG_WARN_COMMA = YES;
				CLANG_WARN_CONSTANT_CONVERSION = YES;
				CLANG_WARN_DEPRECATED_OBJC_IMPLEMENTATIONS = YES;
				CLANG_WARN_DIRECT_OBJC_ISA_USAGE = YES_ERROR;
				CLANG_WARN_DOCUMENTATION_COMMENTS = YES;
				CLANG_WARN_EMPTY_BODY = YES;
				CLANG_WARN_ENUM_CONVERSION = YES;
				CLANG_WARN_INFINITE_RECURSION = YES;
				CLANG_WARN_INT_CONVERSION = YES;
				CLANG_WARN_NON_LITERAL_NULL_CONVERSION = YES;
				CLANG_WARN_OBJC_IMPLICIT_RETAIN_SELF = YES;
				CLANG_WARN_OBJC_LITERAL_CONVERSION = YES;
				CLANG_WARN_OBJC_ROOT_CLASS = YES_ERROR;
				CLANG_WARN_QUOTED_INCLUDE_IN_FRAMEWORK_HEADER = YES;
				CLANG_WARN_RANGE_LOOP_ANALYSIS = YES;
				CLANG_WARN_STRICT_PROTOTYPES = YES;
				CLANG_WARN_SUSPICIOUS_MOVE = YES;
				CLANG_WARN_UNGUARDED_AVAILABILITY = YES_AGGRESSIVE;
				CLANG_WARN_UNREACHABLE_CODE = YES;
				CLANG_WARN__DUPLICATE_METHOD_MATCH = YES;
				COPY_PHASE_STRIP = NO;
				DEBUG_INFORMATION_FORMAT = "dwarf-with-dsym";
				ENABLE_NS_ASSERTIONS = NO;
				ENABLE_STRICT_OBJC_MSGSEND = YES;
				GCC_C_LANGUAGE_STANDARD = gnu11;
				GCC_NO_COMMON_BLOCKS = YES;
				GCC_WARN_64_TO_32_BIT_CONVERSION = YES;
				GCC_WARN_ABOUT_RETURN_TYPE = YES_ERROR;
				GCC_WARN_UNDECLARED_SELECTOR = YES;
				GCC_WARN_UNINITIALIZED_AUTOS = YES_AGGRESSIVE;
				GCC_WARN_UNUSED_FUNCTION = YES;
				GCC_WARN_UNUSED_VARIABLE = YES;
				IPHONEOS_DEPLOYMENT_TARGET = 16.0;
				MTL_ENABLE_DEBUG_INFO = NO;
				MTL_FAST_MATH = YES;
				SDKROOT = iphoneos;
				SWIFT_COMPILATION_MODE = wholemodule;
				SWIFT_OPTIMIZATION_LEVEL = "-O";
				VALIDATE_PRODUCT = YES;
			};
			name = Release;
		};
		73AAC4632911A87F0035B954 /* Debug */ = {
			isa = XCBuildConfiguration;
			baseConfigurationReference = 93C1EC5D494B8EF5839E38CC /* Pods-TheMovies.debug.xcconfig */;
			buildSettings = {
				ASSETCATALOG_COMPILER_APPICON_NAME = AppIcon;
				ASSETCATALOG_COMPILER_GLOBAL_ACCENT_COLOR_NAME = AccentColor;
				CODE_SIGN_STYLE = Automatic;
				CURRENT_PROJECT_VERSION = 1;
				DEVELOPMENT_TEAM = 4LL89Q9GN9;
				GENERATE_INFOPLIST_FILE = YES;
				INFOPLIST_FILE = TheMovies/Info.plist;
				INFOPLIST_KEY_CFBundleDisplayName = eMovies;
				INFOPLIST_KEY_LSApplicationCategoryType = "public.app-category.entertainment";
				INFOPLIST_KEY_UIApplicationSupportsIndirectInputEvents = YES;
				INFOPLIST_KEY_UILaunchStoryboardName = LaunchScreen;
				INFOPLIST_KEY_UIMainStoryboardFile = Main;
				INFOPLIST_KEY_UISupportedInterfaceOrientations_iPad = "UIInterfaceOrientationPortrait UIInterfaceOrientationPortraitUpsideDown UIInterfaceOrientationLandscapeLeft UIInterfaceOrientationLandscapeRight";
				INFOPLIST_KEY_UISupportedInterfaceOrientations_iPhone = "UIInterfaceOrientationPortrait UIInterfaceOrientationLandscapeLeft UIInterfaceOrientationLandscapeRight";
				IPHONEOS_DEPLOYMENT_TARGET = 14.0;
				LD_RUNPATH_SEARCH_PATHS = (
					"$(inherited)",
					"@executable_path/Frameworks",
				);
				MARKETING_VERSION = 1.0;
				PRODUCT_BUNDLE_IDENTIFIER = com.sgm.TheMovies;
				PRODUCT_NAME = "$(TARGET_NAME)";
				SWIFT_EMIT_LOC_STRINGS = YES;
				SWIFT_VERSION = 5.0;
				TARGETED_DEVICE_FAMILY = "1,2";
			};
			name = Debug;
		};
		73AAC4642911A87F0035B954 /* Release */ = {
			isa = XCBuildConfiguration;
			baseConfigurationReference = 39D8B256D0E85B660116E15B /* Pods-TheMovies.release.xcconfig */;
			buildSettings = {
				ASSETCATALOG_COMPILER_APPICON_NAME = AppIcon;
				ASSETCATALOG_COMPILER_GLOBAL_ACCENT_COLOR_NAME = AccentColor;
				CODE_SIGN_STYLE = Automatic;
				CURRENT_PROJECT_VERSION = 1;
				DEVELOPMENT_TEAM = 4LL89Q9GN9;
				GENERATE_INFOPLIST_FILE = YES;
				INFOPLIST_FILE = TheMovies/Info.plist;
				INFOPLIST_KEY_CFBundleDisplayName = eMovies;
				INFOPLIST_KEY_LSApplicationCategoryType = "public.app-category.entertainment";
				INFOPLIST_KEY_UIApplicationSupportsIndirectInputEvents = YES;
				INFOPLIST_KEY_UILaunchStoryboardName = LaunchScreen;
				INFOPLIST_KEY_UIMainStoryboardFile = Main;
				INFOPLIST_KEY_UISupportedInterfaceOrientations_iPad = "UIInterfaceOrientationPortrait UIInterfaceOrientationPortraitUpsideDown UIInterfaceOrientationLandscapeLeft UIInterfaceOrientationLandscapeRight";
				INFOPLIST_KEY_UISupportedInterfaceOrientations_iPhone = "UIInterfaceOrientationPortrait UIInterfaceOrientationLandscapeLeft UIInterfaceOrientationLandscapeRight";
				IPHONEOS_DEPLOYMENT_TARGET = 14.0;
				LD_RUNPATH_SEARCH_PATHS = (
					"$(inherited)",
					"@executable_path/Frameworks",
				);
				MARKETING_VERSION = 1.0;
				PRODUCT_BUNDLE_IDENTIFIER = com.sgm.TheMovies;
				PRODUCT_NAME = "$(TARGET_NAME)";
				SWIFT_EMIT_LOC_STRINGS = YES;
				SWIFT_VERSION = 5.0;
				TARGETED_DEVICE_FAMILY = "1,2";
			};
			name = Release;
		};
		73AAC4662911A87F0035B954 /* Debug */ = {
			isa = XCBuildConfiguration;
			baseConfigurationReference = 476700C767C526E59A2F4F99 /* Pods-TheMoviesTests.debug.xcconfig */;
			buildSettings = {
				ALWAYS_EMBED_SWIFT_STANDARD_LIBRARIES = YES;
				BUNDLE_LOADER = "$(TEST_HOST)";
				CODE_SIGN_STYLE = Automatic;
				CURRENT_PROJECT_VERSION = 1;
				DEVELOPMENT_TEAM = 4LL89Q9GN9;
				GENERATE_INFOPLIST_FILE = YES;
				IPHONEOS_DEPLOYMENT_TARGET = 16.0;
				MARKETING_VERSION = 1.0;
				PRODUCT_BUNDLE_IDENTIFIER = com.sgm.TheMoviesTests;
				PRODUCT_NAME = "$(TARGET_NAME)";
				SWIFT_EMIT_LOC_STRINGS = NO;
				SWIFT_VERSION = 5.0;
				TARGETED_DEVICE_FAMILY = "1,2";
				TEST_HOST = "$(BUILT_PRODUCTS_DIR)/TheMovies.app/$(BUNDLE_EXECUTABLE_FOLDER_PATH)/TheMovies";
			};
			name = Debug;
		};
		73AAC4672911A87F0035B954 /* Release */ = {
			isa = XCBuildConfiguration;
			baseConfigurationReference = 605184A9E844859008FB5EF5 /* Pods-TheMoviesTests.release.xcconfig */;
			buildSettings = {
				ALWAYS_EMBED_SWIFT_STANDARD_LIBRARIES = YES;
				BUNDLE_LOADER = "$(TEST_HOST)";
				CODE_SIGN_STYLE = Automatic;
				CURRENT_PROJECT_VERSION = 1;
				DEVELOPMENT_TEAM = 4LL89Q9GN9;
				GENERATE_INFOPLIST_FILE = YES;
				IPHONEOS_DEPLOYMENT_TARGET = 16.0;
				MARKETING_VERSION = 1.0;
				PRODUCT_BUNDLE_IDENTIFIER = com.sgm.TheMoviesTests;
				PRODUCT_NAME = "$(TARGET_NAME)";
				SWIFT_EMIT_LOC_STRINGS = NO;
				SWIFT_VERSION = 5.0;
				TARGETED_DEVICE_FAMILY = "1,2";
				TEST_HOST = "$(BUILT_PRODUCTS_DIR)/TheMovies.app/$(BUNDLE_EXECUTABLE_FOLDER_PATH)/TheMovies";
			};
			name = Release;
		};
		73AAC4692911A87F0035B954 /* Debug */ = {
			isa = XCBuildConfiguration;
			baseConfigurationReference = F56EAC96EBB5C6D6899D8D76 /* Pods-TheMovies-TheMoviesUITests.debug.xcconfig */;
			buildSettings = {
				ALWAYS_EMBED_SWIFT_STANDARD_LIBRARIES = YES;
				CODE_SIGN_STYLE = Automatic;
				CURRENT_PROJECT_VERSION = 1;
				DEVELOPMENT_TEAM = 4LL89Q9GN9;
				GENERATE_INFOPLIST_FILE = YES;
				MARKETING_VERSION = 1.0;
				PRODUCT_BUNDLE_IDENTIFIER = com.sgm.TheMoviesUITests;
				PRODUCT_NAME = "$(TARGET_NAME)";
				SWIFT_EMIT_LOC_STRINGS = NO;
				SWIFT_VERSION = 5.0;
				TARGETED_DEVICE_FAMILY = "1,2";
				TEST_TARGET_NAME = TheMovies;
			};
			name = Debug;
		};
		73AAC46A2911A87F0035B954 /* Release */ = {
			isa = XCBuildConfiguration;
			baseConfigurationReference = 37C136F1C406FBF04C2A571C /* Pods-TheMovies-TheMoviesUITests.release.xcconfig */;
			buildSettings = {
				ALWAYS_EMBED_SWIFT_STANDARD_LIBRARIES = YES;
				CODE_SIGN_STYLE = Automatic;
				CURRENT_PROJECT_VERSION = 1;
				DEVELOPMENT_TEAM = 4LL89Q9GN9;
				GENERATE_INFOPLIST_FILE = YES;
				MARKETING_VERSION = 1.0;
				PRODUCT_BUNDLE_IDENTIFIER = com.sgm.TheMoviesUITests;
				PRODUCT_NAME = "$(TARGET_NAME)";
				SWIFT_EMIT_LOC_STRINGS = NO;
				SWIFT_VERSION = 5.0;
				TARGETED_DEVICE_FAMILY = "1,2";
				TEST_TARGET_NAME = TheMovies;
			};
			name = Release;
		};
/* End XCBuildConfiguration section */

/* Begin XCConfigurationList section */
		73AAC4302911A87D0035B954 /* Build configuration list for PBXProject "TheMovies" */ = {
			isa = XCConfigurationList;
			buildConfigurations = (
				73AAC4602911A87F0035B954 /* Debug */,
				73AAC4612911A87F0035B954 /* Release */,
			);
			defaultConfigurationIsVisible = 0;
			defaultConfigurationName = Release;
		};
		73AAC4622911A87F0035B954 /* Build configuration list for PBXNativeTarget "TheMovies" */ = {
			isa = XCConfigurationList;
			buildConfigurations = (
				73AAC4632911A87F0035B954 /* Debug */,
				73AAC4642911A87F0035B954 /* Release */,
			);
			defaultConfigurationIsVisible = 0;
			defaultConfigurationName = Release;
		};
		73AAC4652911A87F0035B954 /* Build configuration list for PBXNativeTarget "TheMoviesTests" */ = {
			isa = XCConfigurationList;
			buildConfigurations = (
				73AAC4662911A87F0035B954 /* Debug */,
				73AAC4672911A87F0035B954 /* Release */,
			);
			defaultConfigurationIsVisible = 0;
			defaultConfigurationName = Release;
		};
		73AAC4682911A87F0035B954 /* Build configuration list for PBXNativeTarget "TheMoviesUITests" */ = {
			isa = XCConfigurationList;
			buildConfigurations = (
				73AAC4692911A87F0035B954 /* Debug */,
				73AAC46A2911A87F0035B954 /* Release */,
			);
			defaultConfigurationIsVisible = 0;
			defaultConfigurationName = Release;
		};
/* End XCConfigurationList section */

/* Begin XCVersionGroup section */
		73AAC4412911A87D0035B954 /* TheMovies.xcdatamodeld */ = {
			isa = XCVersionGroup;
			children = (
				73AAC4422911A87D0035B954 /* TheMovies.xcdatamodel */,
			);
			currentVersion = 73AAC4422911A87D0035B954 /* TheMovies.xcdatamodel */;
			path = TheMovies.xcdatamodeld;
			sourceTree = "<group>";
			versionGroupType = wrapper.xcdatamodel;
		};
/* End XCVersionGroup section */
	};
	rootObject = 73AAC42D2911A87D0035B954 /* Project object */;
}
